{
  "name": "App",
  "version": "0.0.1",
  "lockfileVersion": 1,
  "requires": true,
  "dependencies": {
    "accepts": {
      "version": "1.2.13",
      "resolved": "https://registry.npmjs.org/accepts/-/accepts-1.2.13.tgz",
      "integrity": "sha1-5fHzkoxtlf2WVYw27D2dDeSm7Oo=",
      "requires": {
        "mime-types": "~2.1.6",
        "negotiator": "0.5.3"
      }
    },
    "base64-url": {
      "version": "1.2.2",
      "resolved": "https://registry.npmjs.org/base64-url/-/base64-url-1.2.2.tgz",
      "integrity": "sha1-kK8m74sLZ7yAGwXsz5QzRWSQCLM="
    },
    "basic-auth": {
      "version": "1.0.4",
      "resolved": "https://registry.npmjs.org/basic-auth/-/basic-auth-1.0.4.tgz",
      "integrity": "sha1-Awk1sB3nyblKgksp8/zLdQ06UpA="
    },
    "basic-auth-connect": {
      "version": "1.0.0",
      "resolved": "https://registry.npmjs.org/basic-auth-connect/-/basic-auth-connect-1.0.0.tgz",
      "integrity": "sha1-/bC0OWLKe0BFanwrtI/hc9otISI="
    },
    "batch": {
      "version": "0.5.3",
      "resolved": "https://registry.npmjs.org/batch/-/batch-0.5.3.tgz",
      "integrity": "sha1-PzQU84AyF0O/wQQvmoP/HVgk1GQ="
    },
    "bindings": {
      "version": "1.2.1",
      "resolved": "https://registry.npmjs.org/bindings/-/bindings-1.2.1.tgz",
      "integrity": "sha1-FK1hE4EtLTfXLme0ystLtyZQXxE="
    },
    "body-parser": {
      "version": "1.13.3",
      "resolved": "https://registry.npmjs.org/body-parser/-/body-parser-1.13.3.tgz",
      "integrity": "sha1-wIzzMMM1jhUQFqBXRvE/ApyX+pc=",
      "requires": {
        "bytes": "2.1.0",
        "content-type": "~1.0.1",
        "debug": "~2.2.0",
        "depd": "~1.0.1",
        "http-errors": "~1.3.1",
        "iconv-lite": "0.4.11",
        "on-finished": "~2.3.0",
        "qs": "4.0.0",
        "raw-body": "~2.1.2",
        "type-is": "~1.6.6"
      }
    },
    "bson": {
      "version": "1.1.5",
      "resolved": "https://registry.npmjs.org/bson/-/bson-1.1.5.tgz",
      "integrity": "sha512-kDuEzldR21lHciPQAIulLs1LZlCXdLziXI6Mb/TDkwXhb//UORJNPXgcRs2CuO4H0DcMkpfT3/ySsP3unoZjBg=="
    },
    "bytes": {
      "version": "2.1.0",
      "resolved": "https://registry.npmjs.org/bytes/-/bytes-2.1.0.tgz",
      "integrity": "sha1-rJPEEOL/ycx89LRks4KJBn9eR7Q="
    },
    "colors": {
      "version": "1.1.2",
      "resolved": "https://registry.npmjs.org/colors/-/colors-1.1.2.tgz",
      "integrity": "sha1-FopHAXVran9RoSzgyXv6KMCE7WM="
    },
    "compressible": {
      "version": "2.0.8",
      "resolved": "https://registry.npmjs.org/compressible/-/compressible-2.0.8.tgz",
      "integrity": "sha1-cWLmxG07nSAP+0XLTkoPeDJzJQM=",
      "requires": {
        "mime-db": ">= 1.23.0 < 2"
      }
    },
    "compression": {
      "version": "1.5.2",
      "resolved": "https://registry.npmjs.org/compression/-/compression-1.5.2.tgz",
      "integrity": "sha1-sDuNhub4rSloPLqN+R3cb/x3s5U=",
      "requires": {
        "accepts": "~1.2.12",
        "bytes": "2.1.0",
        "compressible": "~2.0.5",
        "debug": "~2.2.0",
        "on-headers": "~1.0.0",
        "vary": "~1.0.1"
      }
    },
    "connect": {
      "version": "2.30.2",
      "resolved": "https://registry.npmjs.org/connect/-/connect-2.30.2.tgz",
      "integrity": "sha1-jam8vooFTT0xjXTf7JA7XDmhtgk=",
      "requires": {
        "basic-auth-connect": "1.0.0",
        "body-parser": "~1.13.3",
        "bytes": "2.1.0",
        "compression": "~1.5.2",
        "connect-timeout": "~1.6.2",
        "content-type": "~1.0.1",
        "cookie": "0.1.3",
        "cookie-parser": "~1.3.5",
        "cookie-signature": "1.0.6",
        "csurf": "~1.8.3",
        "debug": "~2.2.0",
        "depd": "~1.0.1",
        "errorhandler": "~1.4.2",
        "express-session": "~1.11.3",
        "finalhandler": "0.4.0",
        "fresh": "0.3.0",
        "http-errors": "~1.3.1",
        "method-override": "~2.3.5",
        "morgan": "~1.6.1",
        "multiparty": "3.3.2",
        "on-headers": "~1.0.0",
        "parseurl": "~1.3.0",
        "pause": "0.1.0",
        "qs": "4.0.0",
        "response-time": "~2.3.1",
        "serve-favicon": "~2.3.0",
        "serve-index": "~1.7.2",
        "serve-static": "~1.10.0",
        "type-is": "~1.6.6",
        "utils-merge": "1.0.0",
        "vhost": "~3.0.1"
      }
    },
    "connect-timeout": {
      "version": "1.6.2",
      "resolved": "https://registry.npmjs.org/connect-timeout/-/connect-timeout-1.6.2.tgz",
      "integrity": "sha1-3ppexh4zoStu2qt7XwYumMWZuI4=",
      "requires": {
        "debug": "~2.2.0",
        "http-errors": "~1.3.1",
        "ms": "0.7.1",
        "on-headers": "~1.0.0"
      }
    },
    "content-type": {
      "version": "1.0.2",
      "resolved": "https://registry.npmjs.org/content-type/-/content-type-1.0.2.tgz",
      "integrity": "sha1-t9ETrueo3Se9IRM8TcJSnfFyHu0="
    },
    "cookie": {
      "version": "0.1.3",
      "resolved": "https://registry.npmjs.org/cookie/-/cookie-0.1.3.tgz",
      "integrity": "sha1-5zSlwUF/zkctWu+Cw4HKu2TRpDU="
    },
    "cookie-parser": {
      "version": "1.3.5",
      "resolved": "https://registry.npmjs.org/cookie-parser/-/cookie-parser-1.3.5.tgz",
      "integrity": "sha1-nXVVcPtdF4kHcSJ6AjFNm+fPg1Y=",
      "requires": {
        "cookie": "0.1.3",
        "cookie-signature": "1.0.6"
      }
    },
    "cookie-signature": {
      "version": "1.0.6",
      "resolved": "https://registry.npmjs.org/cookie-signature/-/cookie-signature-1.0.6.tgz",
      "integrity": "sha1-4wOogrNCzD7oylE6eZmXNNqzriw="
    },
    "core-util-is": {
      "version": "1.0.2",
      "resolved": "https://registry.npmjs.org/core-util-is/-/core-util-is-1.0.2.tgz",
      "integrity": "sha1-tf1UIgqivFq1eqtxQMlAdUUDwac="
    },
    "crc": {
      "version": "3.3.0",
      "resolved": "https://registry.npmjs.org/crc/-/crc-3.3.0.tgz",
      "integrity": "sha1-+mIuG8OIvyVzCQgta2UgDOZwkLo="
    },
    "csrf": {
      "version": "3.0.3",
      "resolved": "https://registry.npmjs.org/csrf/-/csrf-3.0.3.tgz",
      "integrity": "sha1-adEyIN6VdigIuxIPdTOplPxCk7U=",
      "requires": {
        "base64-url": "1.2.2",
        "rndm": "1.2.0",
        "tsscmp": "1.0.5",
        "uid-safe": "2.1.1"
      }
    },
    "csurf": {
      "version": "1.8.3",
      "resolved": "https://registry.npmjs.org/csurf/-/csurf-1.8.3.tgz",
      "integrity": "sha1-I/KhO/HY/OHQyZZYg5RELLqGpWo=",
      "requires": {
        "cookie": "0.1.3",
        "cookie-signature": "1.0.6",
        "csrf": "~3.0.0",
        "http-errors": "~1.3.1"
      }
    },
    "debug": {
      "version": "2.2.0",
      "resolved": "https://registry.npmjs.org/debug/-/debug-2.2.0.tgz",
      "integrity": "sha1-+HBX6ZWxofauaklgZkE3vFbwOdo=",
      "requires": {
        "ms": "0.7.1"
      }
    },
    "depd": {
      "version": "1.0.1",
      "resolved": "https://registry.npmjs.org/depd/-/depd-1.0.1.tgz",
      "integrity": "sha1-gK7GTJ1tl+ZcwqnKqTwKpqv3Oqo="
    },
    "destroy": {
      "version": "1.0.4",
      "resolved": "https://registry.npmjs.org/destroy/-/destroy-1.0.4.tgz",
      "integrity": "sha1-l4hXRCxEdJ5CBmE+N5RiBYJqvYA="
    },
    "ee-first": {
      "version": "1.1.1",
      "resolved": "https://registry.npmjs.org/ee-first/-/ee-first-1.1.1.tgz",
      "integrity": "sha1-WQxhFWsK4vTwJVcyoViyZrxWsh0="
    },
    "errorhandler": {
      "version": "1.4.3",
      "resolved": "https://registry.npmjs.org/errorhandler/-/errorhandler-1.4.3.tgz",
      "integrity": "sha1-t7cO2PNZ6duICS8tIMD4MUIK2D8=",
      "requires": {
        "accepts": "~1.3.0",
        "escape-html": "~1.0.3"
      },
      "dependencies": {
        "accepts": {
          "version": "1.3.3",
          "resolved": "https://registry.npmjs.org/accepts/-/accepts-1.3.3.tgz",
          "integrity": "sha1-w8p0NJOGSMPg2cHjKN1otiLChMo=",
          "requires": {
            "mime-types": "~2.1.11",
            "negotiator": "0.6.1"
          }
        },
        "negotiator": {
          "version": "0.6.1",
          "resolved": "https://registry.npmjs.org/negotiator/-/negotiator-0.6.1.tgz",
          "integrity": "sha1-KzJxhOiZIQEXeyhWP7XnECrNDKk="
        }
      }
    },
    "escape-html": {
      "version": "1.0.3",
      "resolved": "https://registry.npmjs.org/escape-html/-/escape-html-1.0.3.tgz",
      "integrity": "sha1-Aljq5NPQwJdN4cFpGI7wBR0dGYg="
    },
    "etag": {
      "version": "1.7.0",
      "resolved": "https://registry.npmjs.org/etag/-/etag-1.7.0.tgz",
      "integrity": "sha1-A9MLX2fdbmMtKUXTDWZScxo01dg="
    },
    "express": {
      "version": "2.5.2",
      "resolved": "https://registry.npmjs.org/express/-/express-2.5.2.tgz",
      "integrity": "sha1-1YxB99/5ppaWz/zI6b3k6By7y+8=",
      "requires": {
        "connect": "1.8.x",
        "mime": ">= 0.0.1",
        "mkdirp": "0.0.7",
        "qs": ">= 0.3.1"
      },
      "dependencies": {
        "connect": {
          "version": "1.8.7",
          "resolved": "https://registry.npmjs.org/connect/-/connect-1.8.7.tgz",
          "integrity": "sha1-tiAoGITUVfq5TGk9LbdIZS1sjBc=",
          "requires": {
            "formidable": "1.0.x",
            "mime": ">= 0.0.1",
            "qs": ">= 0.4.0"
          }
        }
      }
    },
    "express-session": {
      "version": "1.11.3",
      "resolved": "https://registry.npmjs.org/express-session/-/express-session-1.11.3.tgz",
      "integrity": "sha1-XMmPP1/4Ttg1+Ry/CqvQxxB0AK8=",
      "requires": {
        "cookie": "0.1.3",
        "cookie-signature": "1.0.6",
        "crc": "3.3.0",
        "debug": "~2.2.0",
        "depd": "~1.0.1",
        "on-headers": "~1.0.0",
        "parseurl": "~1.3.0",
        "uid-safe": "~2.0.0",
        "utils-merge": "1.0.0"
      },
      "dependencies": {
        "base64-url": {
          "version": "1.2.1",
          "resolved": "https://registry.npmjs.org/base64-url/-/base64-url-1.2.1.tgz",
          "integrity": "sha1-GZ/WYXAqDnt9yubgaYuwicUvbXg="
        },
        "uid-safe": {
          "version": "2.0.0",
          "resolved": "https://registry.npmjs.org/uid-safe/-/uid-safe-2.0.0.tgz",
          "integrity": "sha1-p/PGymSh9qXQTsDvPkw9U2cxcTc=",
          "requires": {
            "base64-url": "1.2.1"
          }
        }
      }
    },
    "finalhandler": {
      "version": "0.4.0",
      "resolved": "https://registry.npmjs.org/finalhandler/-/finalhandler-0.4.0.tgz",
      "integrity": "sha1-llpS2ejQXSuFdUhUH7ibU6JJfZs=",
      "requires": {
        "debug": "~2.2.0",
        "escape-html": "1.0.2",
        "on-finished": "~2.3.0",
        "unpipe": "~1.0.0"
      },
      "dependencies": {
        "escape-html": {
          "version": "1.0.2",
          "resolved": "https://registry.npmjs.org/escape-html/-/escape-html-1.0.2.tgz",
          "integrity": "sha1-130y+pjjjC9BroXpJ44ODmuhAiw="
        }
      }
    },
    "formidable": {
      "version": "1.0.17",
      "resolved": "https://registry.npmjs.org/formidable/-/formidable-1.0.17.tgz",
      "integrity": "sha1-71SRSQ+UM7cF+qdyScmQKa40hVk="
    },
    "fresh": {
      "version": "0.3.0",
      "resolved": "https://registry.npmjs.org/fresh/-/fresh-0.3.0.tgz",
      "integrity": "sha1-ZR+DjiJCTnVm3hYdg1jKoZn4PU8="
    },
    "http-errors": {
      "version": "1.3.1",
      "resolved": "https://registry.npmjs.org/http-errors/-/http-errors-1.3.1.tgz",
      "integrity": "sha1-GX4izevUGYWF6GlO9nhhl7ke2UI=",
      "requires": {
        "inherits": "~2.0.1",
        "statuses": "1"
      }
    },
    "iconv-lite": {
      "version": "0.4.11",
      "resolved": "https://registry.npmjs.org/iconv-lite/-/iconv-lite-0.4.11.tgz",
      "integrity": "sha1-LstC/SlHRJIiCaLnxATayHk9it4="
    },
    "inherits": {
      "version": "2.0.1",
      "resolved": "https://registry.npmjs.org/inherits/-/inherits-2.0.1.tgz",
      "integrity": "sha1-sX0I0ya0Qj5Wjv9xn5GwscvfafE="
    },
    "isarray": {
      "version": "0.0.1",
      "resolved": "https://registry.npmjs.org/isarray/-/isarray-0.0.1.tgz",
      "integrity": "sha1-ihis/Kmo9Bd+Cav8YDiTmwXR7t8="
    },
    "jade": {
      "version": "0.14.2",
      "resolved": "https://registry.npmjs.org/jade/-/jade-0.14.2.tgz",
      "integrity": "sha1-GBie+J1RyoDiV82p/Sdd62l49DY="
    },
    "mailer": {
      "version": "0.6.7",
      "resolved": "https://registry.npmjs.org/mailer/-/mailer-0.6.7.tgz",
      "integrity": "sha1-AS1pslVIZJdtnXf1Mms1CXZT9lM=",
      "requires": {
        "colors": ">= 0.3.0",
        "nodemailer": "0.1.20"
      }
    },
    "media-typer": {
      "version": "0.3.0",
      "resolved": "https://registry.npmjs.org/media-typer/-/media-typer-0.3.0.tgz",
      "integrity": "sha1-hxDXrwqmJvj/+hzgAWhUUmMlV0g="
    },
    "memory-pager": {
      "version": "1.5.0",
      "resolved": "https://registry.npmjs.org/memory-pager/-/memory-pager-1.5.0.tgz",
      "integrity": "sha512-ZS4Bp4r/Zoeq6+NLJpP+0Zzm0pR8whtGPf1XExKLJBAczGMnSi3It14OiNCStjQjM6NU1okjQGSxgEZN8eBYKg==",
      "optional": true
    },
    "method-override": {
      "version": "2.3.6",
      "resolved": "https://registry.npmjs.org/method-override/-/method-override-2.3.6.tgz",
      "integrity": "sha1-IJJhzFiNRdnVoCL/INfV646SF54=",
      "requires": {
        "debug": "~2.2.0",
        "methods": "~1.1.2",
        "parseurl": "~1.3.1",
        "vary": "~1.1.0"
      },
      "dependencies": {
        "vary": {
          "version": "1.1.0",
          "resolved": "https://registry.npmjs.org/vary/-/vary-1.1.0.tgz",
          "integrity": "sha1-4eWv+70WrnaN0mdDlLmtMCJlMUA="
        }
      }
    },
    "methods": {
      "version": "1.1.2",
      "resolved": "https://registry.npmjs.org/methods/-/methods-1.1.2.tgz",
      "integrity": "sha1-VSmk1nZUE07cxSZmVoNbD4Ua/O4="
    },
    "mime": {
      "version": "1.3.4",
      "resolved": "https://registry.npmjs.org/mime/-/mime-1.3.4.tgz",
      "integrity": "sha1-EV+eO2s9rylZmDyzjxSaLUDrXVM="
    },
    "mime-db": {
      "version": "1.23.0",
      "resolved": "https://registry.npmjs.org/mime-db/-/mime-db-1.23.0.tgz",
      "integrity": "sha1-oxtAcK2uon1zLqMzdApk0OyaZlk="
    },
    "mime-types": {
      "version": "2.1.11",
      "resolved": "https://registry.npmjs.org/mime-types/-/mime-types-2.1.11.tgz",
      "integrity": "sha1-wlnEcb2oCKhdbNGTtDCl+uRHOzw=",
      "requires": {
        "mime-db": "~1.23.0"
      }
    },
    "mimelib-noiconv": {
      "version": "0.1.9",
      "resolved": "https://registry.npmjs.org/mimelib-noiconv/-/mimelib-noiconv-0.1.9.tgz",
      "integrity": "sha1-6tzm+c4iaEJQGiA+lbzulq+BifI="
    },
    "mkdirp": {
      "version": "0.0.7",
      "resolved": "https://registry.npmjs.org/mkdirp/-/mkdirp-0.0.7.tgz",
      "integrity": "sha1-2JtPDkw+XlylQjWTFnXglP4aUHI="
    },
    "mongodb": {
      "version": "3.1.13",
      "resolved": "https://registry.npmjs.org/mongodb/-/mongodb-3.1.13.tgz",
      "integrity": "sha512-sz2dhvBZQWf3LRNDhbd30KHVzdjZx9IKC0L+kSZ/gzYquCF5zPOgGqRz6sSCqYZtKP2ekB4nfLxhGtzGHnIKxA==",
      "requires": {
        "mongodb-core": "3.1.11",
        "safe-buffer": "^5.1.2"
      }
    },
    "mongodb-core": {
      "version": "3.1.11",
      "resolved": "https://registry.npmjs.org/mongodb-core/-/mongodb-core-3.1.11.tgz",
      "integrity": "sha512-rD2US2s5qk/ckbiiGFHeu+yKYDXdJ1G87F6CG3YdaZpzdOm5zpoAZd/EKbPmFO6cQZ+XVXBXBJ660sSI0gc6qg==",
      "requires": {
        "bson": "^1.1.0",
        "require_optional": "^1.0.1",
        "safe-buffer": "^5.1.2",
        "saslprep": "^1.0.0"
      }
    },
    "morgan": {
      "version": "1.6.1",
      "resolved": "https://registry.npmjs.org/morgan/-/morgan-1.6.1.tgz",
      "integrity": "sha1-X9gYOYxoGcuiinzWZk8pL+HAu/I=",
      "requires": {
        "basic-auth": "~1.0.3",
        "debug": "~2.2.0",
        "depd": "~1.0.1",
        "on-finished": "~2.3.0",
        "on-headers": "~1.0.0"
      }
    },
    "ms": {
      "version": "0.7.1",
      "resolved": "https://registry.npmjs.org/ms/-/ms-0.7.1.tgz",
      "integrity": "sha1-nNE8A62/8ltl7/3nzoZO6VIBcJg="
    },
    "multiparty": {
      "version": "3.3.2",
      "resolved": "https://registry.npmjs.org/multiparty/-/multiparty-3.3.2.tgz",
      "integrity": "sha1-Nd5oBNwZZD5SSfPT473GyM4wHT8=",
      "requires": {
        "readable-stream": "~1.1.9",
        "stream-counter": "~0.2.0"
      }
    },
    "nan": {
      "version": "2.3.5",
      "resolved": "https://registry.npmjs.org/nan/-/nan-2.3.5.tgz",
      "integrity": "sha1-gioNwmYpDOTNOhIoLKPn42Rmigg="
    },
    "negotiator": {
      "version": "0.5.3",
      "resolved": "https://registry.npmjs.org/negotiator/-/negotiator-0.5.3.tgz",
      "integrity": "sha1-Jp1cR2gQ7JLtvntsLygxY4T5p+g="
    },
    "nodemailer": {
      "version": "0.1.20",
      "resolved": "https://registry.npmjs.org/nodemailer/-/nodemailer-0.1.20.tgz",
      "integrity": "sha1-qRdIpEjt3zX+JNcnLIGH3cw44lM=",
      "requires": {
        "mimelib-noiconv": "*"
      }
    },
    "on-finished": {
      "version": "2.3.0",
      "resolved": "https://registry.npmjs.org/on-finished/-/on-finished-2.3.0.tgz",
      "integrity": "sha1-IPEzZIGwg811M3mSoWlxqi2QaUc=",
      "requires": {
        "ee-first": "1.1.1"
      }
    },
    "on-headers": {
      "version": "1.0.1",
      "resolved": "https://registry.npmjs.org/on-headers/-/on-headers-1.0.1.tgz",
      "integrity": "sha1-ko9dD0cNSTQmUepnlLCFfBAGk/c="
    },
    "parseurl": {
      "version": "1.3.1",
      "resolved": "https://registry.npmjs.org/parseurl/-/parseurl-1.3.1.tgz",
      "integrity": "sha1-yKuMkiO6NIiKpkopeyiFO+wY2lY="
    },
    "pause": {
      "version": "0.1.0",
      "resolved": "https://registry.npmjs.org/pause/-/pause-0.1.0.tgz",
      "integrity": "sha1-68ikqGGf8LioGsFRPDQ0/0af23Q="
    },
    "qs": {
      "version": "4.0.0",
      "resolved": "https://registry.npmjs.org/qs/-/qs-4.0.0.tgz",
      "integrity": "sha1-wx2bdOwn33XlQ6hseHKO2NRiNgc="
    },
    "random-bytes": {
      "version": "1.0.0",
      "resolved": "https://registry.npmjs.org/random-bytes/-/random-bytes-1.0.0.tgz",
      "integrity": "sha1-T2ih3Arli9P7lYSMMDJNt11kNgs="
    },
    "range-parser": {
      "version": "1.0.3",
      "resolved": "https://registry.npmjs.org/range-parser/-/range-parser-1.0.3.tgz",
      "integrity": "sha1-aHKCNTXGkuLCoBA4Jq/YLC4P8XU="
    },
    "raw-body": {
      "version": "2.1.7",
      "resolved": "https://registry.npmjs.org/raw-body/-/raw-body-2.1.7.tgz",
      "integrity": "sha1-rf6s4uT7MJgFgBTQjActzFl1h3Q=",
      "requires": {
        "bytes": "2.4.0",
        "iconv-lite": "0.4.13",
        "unpipe": "1.0.0"
      },
      "dependencies": {
        "bytes": {
          "version": "2.4.0",
          "resolved": "https://registry.npmjs.org/bytes/-/bytes-2.4.0.tgz",
          "integrity": "sha1-fZcZb51br39pNeJZhVSe3SpsIzk="
        },
        "iconv-lite": {
          "version": "0.4.13",
          "resolved": "https://registry.npmjs.org/iconv-lite/-/iconv-lite-0.4.13.tgz",
          "integrity": "sha1-H4irpKsLFQjoMSrMOTRfNumS4vI="
        }
      }
    },
    "readable-stream": {
      "version": "1.1.14",
      "resolved": "https://registry.npmjs.org/readable-stream/-/readable-stream-1.1.14.tgz",
      "integrity": "sha1-fPTFTvZI44EwhMY23SB54WbAgdk=",
      "requires": {
        "core-util-is": "~1.0.0",
        "inherits": "~2.0.1",
        "isarray": "0.0.1",
        "string_decoder": "~0.10.x"
      }
    },
    "require_optional": {
      "version": "1.0.1",
      "resolved": "https://registry.npmjs.org/require_optional/-/require_optional-1.0.1.tgz",
      "integrity": "sha512-qhM/y57enGWHAe3v/NcwML6a3/vfESLe/sGM2dII+gEO0BpKRUkWZow/tyloNqJyN6kXSl3RyyM8Ll5D/sJP8g==",
      "requires": {
        "resolve-from": "^2.0.0",
        "semver": "^5.1.0"
      }
    },
    "resolve-from": {
      "version": "2.0.0",
      "resolved": "https://registry.npmjs.org/resolve-from/-/resolve-from-2.0.0.tgz",
      "integrity": "sha1-lICrIOlP+h2egKgEx+oUdhGWa1c="
    },
    "response-time": {
      "version": "2.3.1",
      "resolved": "https://registry.npmjs.org/response-time/-/response-time-2.3.1.tgz",
      "integrity": "sha1-K94ZGB3myBq5XjIHoo1h2WWzF5c=",
      "requires": {
        "depd": "~1.0.1",
        "on-headers": "~1.0.0"
      }
    },
    "rndm": {
      "version": "1.2.0",
      "resolved": "https://registry.npmjs.org/rndm/-/rndm-1.2.0.tgz",
      "integrity": "sha1-8z/pz7Urv9UgqhgyO8ZdsRCht2w="
    },
    "safe-buffer": {
      "version": "5.2.1",
      "resolved": "https://registry.npmjs.org/safe-buffer/-/safe-buffer-5.2.1.tgz",
      "integrity": "sha512-rp3So07KcdmmKbGvgaNxQSJr7bGVSVk5S9Eq1F+ppbRo70+YeaDxkw5Dd8NPN+GD6bjnYm2VuPuCXmpuYvmCXQ=="
    },
    "saslprep": {
      "version": "1.0.3",
      "resolved": "https://registry.npmjs.org/saslprep/-/saslprep-1.0.3.tgz",
      "integrity": "sha512-/MY/PEMbk2SuY5sScONwhUDsV2p77Znkb/q3nSVstq/yQzYJOH/Azh29p9oJLsl3LnQwSvZDKagDGBsBwSooag==",
      "optional": true,
      "requires": {
        "sparse-bitfield": "^3.0.3"
      }
    },
    "semver": {
      "version": "5.7.1",
      "resolved": "https://registry.npmjs.org/semver/-/semver-5.7.1.tgz",
      "integrity": "sha512-sauaDf/PZdVgrLTNYHRtpXa1iRiKcaebiKQ1BJdpQlWH2lCvexQdX55snPFyK7QzpudqbCI0qXFfOasHdyNDGQ=="
    },
    "send": {
      "version": "0.13.2",
      "resolved": "https://registry.npmjs.org/send/-/send-0.13.2.tgz",
      "integrity": "sha1-dl52B8gFVFK7pvCwUllTUJhgNt4=",
      "requires": {
        "debug": "~2.2.0",
        "depd": "~1.1.0",
        "destroy": "~1.0.4",
        "escape-html": "~1.0.3",
        "etag": "~1.7.0",
        "fresh": "0.3.0",
        "http-errors": "~1.3.1",
        "mime": "1.3.4",
        "ms": "0.7.1",
        "on-finished": "~2.3.0",
        "range-parser": "~1.0.3",
        "statuses": "~1.2.1"
      },
      "dependencies": {
        "depd": {
          "version": "1.1.0",
          "resolved": "https://registry.npmjs.org/depd/-/depd-1.1.0.tgz",
          "integrity": "sha1-4b2Cxqq2ztlluXuIsX7T5SjKGMM="
        },
        "statuses": {
          "version": "1.2.1",
          "resolved": "https://registry.npmjs.org/statuses/-/statuses-1.2.1.tgz",
          "integrity": "sha1-3e1FzBglbVHtQK7BQkidXGECbSg="
        }
      }
    },
    "serve-favicon": {
      "version": "2.3.0",
      "resolved": "https://registry.npmjs.org/serve-favicon/-/serve-favicon-2.3.0.tgz",
      "integrity": "sha1-rtNsxoNAaabxicxyIsahqBHcWzk=",
      "requires": {
        "etag": "~1.7.0",
        "fresh": "0.3.0",
        "ms": "0.7.1",
        "parseurl": "~1.3.0"
      }
    },
    "serve-index": {
      "version": "1.7.3",
      "resolved": "https://registry.npmjs.org/serve-index/-/serve-index-1.7.3.tgz",
      "integrity": "sha1-egV/xu4o3GP2RWbl+lexEahq7NI=",
      "requires": {
        "accepts": "~1.2.13",
        "batch": "0.5.3",
        "debug": "~2.2.0",
        "escape-html": "~1.0.3",
        "http-errors": "~1.3.1",
        "mime-types": "~2.1.9",
        "parseurl": "~1.3.1"
      }
    },
    "serve-static": {
      "version": "1.10.3",
      "resolved": "https://registry.npmjs.org/serve-static/-/serve-static-1.10.3.tgz",
      "integrity": "sha1-zlpuzTEB/tXsCYJ9rCKpwpv7BTU=",
      "requires": {
        "escape-html": "~1.0.3",
        "parseurl": "~1.3.1",
        "send": "0.13.2"
      }
    },
    "sparse-bitfield": {
      "version": "3.0.3",
      "resolved": "https://registry.npmjs.org/sparse-bitfield/-/sparse-bitfield-3.0.3.tgz",
      "integrity": "sha1-/0rm5oZWBWuks+eSqzM004JzyhE=",
      "optional": true,
      "requires": {
        "memory-pager": "^1.0.2"
      }
    },
    "statuses": {
      "version": "1.3.0",
      "resolved": "https://registry.npmjs.org/statuses/-/statuses-1.3.0.tgz",
      "integrity": "sha1-jlV1jLIOdoLB9Pzo3KswvwHR4Ho="
    },
    "stream-counter": {
      "version": "0.2.0",
      "resolved": "https://registry.npmjs.org/stream-counter/-/stream-counter-0.2.0.tgz",
      "integrity": "sha1-3tJmVWMZyLDiIoErnPOyb6fZR94=",
      "requires": {
        "readable-stream": "~1.1.8"
      }
    },
    "string_decoder": {
      "version": "0.10.31",
      "resolved": "https://registry.npmjs.org/string_decoder/-/string_decoder-0.10.31.tgz",
      "integrity": "sha1-YuIDvEF2bGwoyfyEMB2rHFMQ+pQ="
    },
    "time": {
      "version": "0.11.4",
      "resolved": "https://registry.npmjs.org/time/-/time-0.11.4.tgz",
      "integrity": "sha1-7DyJR9f6SI87GXi4EQpoGG9dNA8=",
      "requires": {
        "bindings": "~1.2.0",
        "debug": "2",
        "nan": "2"
      }
    },
    "tsscmp": {
      "version": "1.0.5",
      "resolved": "https://registry.npmjs.org/tsscmp/-/tsscmp-1.0.5.tgz",
      "integrity": "sha1-fcSjOvcVgatDN9qR2FylQn69mpc="
    },
    "type-is": {
      "version": "1.6.13",
      "resolved": "https://registry.npmjs.org/type-is/-/type-is-1.6.13.tgz",
      "integrity": "sha1-boO6e8MM0zp7sLf7AHN6IIW/nQg=",
      "requires": {
        "media-typer": "0.3.0",
        "mime-types": "~2.1.11"
      }
    },
    "uid-safe": {
      "version": "2.1.1",
      "resolved": "https://registry.npmjs.org/uid-safe/-/uid-safe-2.1.1.tgz",
      "integrity": "sha1-Pb+UNrUovp9SiCwFpiFsN2PbNmY=",
      "requires": {
        "base64-url": "1.2.2",
        "random-bytes": "~1.0.0"
      }
    },
    "underscore": {
      "version": "1.8.3",
      "resolved": "https://registry.npmjs.org/underscore/-/underscore-1.8.3.tgz",
      "integrity": "sha1-Tz+1OxBuYJf8+ctBCfKl6b36UCI="
    },
    "unpipe": {
      "version": "1.0.0",
      "resolved": "https://registry.npmjs.org/unpipe/-/unpipe-1.0.0.tgz",
      "integrity": "sha1-sr9O6FFKrmFltIF4KdIbLvSZBOw="
    },
    "utils-merge": {
      "version": "1.0.0",
      "resolved": "https://registry.npmjs.org/utils-merge/-/utils-merge-1.0.0.tgz",
      "integrity": "sha1-ApT7kiu5N1FTVBxPcJYjHyh8ivg="
    },
    "validator": {
      "version": "5.4.0",
      "resolved": "https://registry.npmjs.org/validator/-/validator-5.4.0.tgz",
      "integrity": "sha1-RCDdyf3CCU2QS4UwPhtKE4+E5x4="
    },
    "vary": {
      "version": "1.0.1",
      "resolved": "https://registry.npmjs.org/vary/-/vary-1.0.1.tgz",
      "integrity": "sha1-meSYFWaihhGN+yuBc1ffeZM3bRA="
    },
    "vhost": {
      "version": "3.0.2",
      "resolved": "https://registry.npmjs.org/vhost/-/vhost-3.0.2.tgz",
      "integrity": "sha1-L7HezUxGaqiLD5NBrzPcGv8keNU="
    }
  }
}
